# This file is automatically @generated by Cargo.
# It is not intended for manual editing.
[[package]]
name = "ansi_term"
version = "0.11.0"
source = "registry+https://github.com/rust-lang/crates.io-index"
checksum = "ee49baf6cb617b853aa8d93bf420db2383fab46d314482ca2803b40d5fde979b"
dependencies = [
 "winapi",
]

[[package]]
name = "atty"
version = "0.2.14"
source = "registry+https://github.com/rust-lang/crates.io-index"
checksum = "d9b39be18770d11421cdb1b9947a45dd3f37e93092cbf377614828a319d5fee8"
dependencies = [
 "hermit-abi",
 "libc",
 "winapi",
]

[[package]]
name = "autocfg"
version = "1.0.1"
source = "registry+https://github.com/rust-lang/crates.io-index"
checksum = "cdb031dd78e28731d87d56cc8ffef4a8f36ca26c38fe2de700543e627f8a464a"

[[package]]
name = "bitflags"
version = "0.7.0"
source = "registry+https://github.com/rust-lang/crates.io-index"
checksum = "aad18937a628ec6abcd26d1489012cc0e18c21798210f491af69ded9b881106d"

[[package]]
name = "bitflags"
version = "1.2.1"
source = "registry+https://github.com/rust-lang/crates.io-index"
checksum = "cf1de2fe8c75bc145a2f577add951f8134889b4795d47466a54a5c846d691693"

[[package]]
name = "clap"
version = "2.33.3"
source = "registry+https://github.com/rust-lang/crates.io-index"
checksum = "37e58ac78573c40708d45522f0d80fa2f01cc4f9b4e2bf749807255454312002"
dependencies = [
 "ansi_term",
 "atty",
 "bitflags 1.2.1",
 "strsim",
 "textwrap",
 "unicode-width",
 "vec_map",
]

[[package]]
name = "hermit-abi"
version = "0.1.17"
source = "registry+https://github.com/rust-lang/crates.io-index"
checksum = "5aca5565f760fb5b220e499d72710ed156fdb74e631659e99377d9ebfbd13ae8"
dependencies = [
 "libc",
]

[[package]]
name = "hound"
version = "3.4.0"
source = "registry+https://github.com/rust-lang/crates.io-index"
checksum = "8a164bb2ceaeff4f42542bdb847c41517c78a60f5649671b2a07312b6e117549"

[[package]]
name = "hum"
version = "0.5.0"
source = "registry+https://github.com/rust-lang/crates.io-index"
checksum = "5001e6133dd694f4f6d27a9a973ac5b6f7d398e7f475cc81aacbfdddda513f74"
dependencies = [
 "clap",
 "hound",
 "peg",
 "portaudio",
 "vcpkg",
]

[[package]]
name = "hum_gui"
version = "0.1.0"
dependencies = [
 "hum",
]

[[package]]
name = "libc"
version = "0.2.81"
source = "registry+https://github.com/rust-lang/crates.io-index"
checksum = "1482821306169ec4d07f6aca392a4681f66c75c9918aa49641a2595db64053cb"

[[package]]
name = "num"
version = "0.1.42"
source = "registry+https://github.com/rust-lang/crates.io-index"
checksum = "4703ad64153382334aa8db57c637364c322d3372e097840c72000dabdcf6156e"
dependencies = [
 "num-integer",
 "num-iter",
 "num-traits",
]

[[package]]
name = "num-integer"
version = "0.1.44"
source = "registry+https://github.com/rust-lang/crates.io-index"
checksum = "d2cc698a63b549a70bc047073d2949cce27cd1c7b0a4a862d08a8031bc2801db"
dependencies = [
 "autocfg",
 "num-traits",
]

[[package]]
name = "num-iter"
version = "0.1.42"
source = "registry+https://github.com/rust-lang/crates.io-index"
checksum = "b2021c8337a54d21aca0d59a92577a029af9431cb59b909b03252b9c164fad59"
dependencies = [
 "autocfg",
 "num-integer",
 "num-traits",
]

[[package]]
name = "num-traits"
version = "0.2.14"
source = "registry+https://github.com/rust-lang/crates.io-index"
checksum = "9a64b1ec5cda2586e284722486d802acf1f7dbdc623e2bfc57e65ca1cd099290"
dependencies = [
 "autocfg",
]

[[package]]
name = "peg"
version = "0.6.3"
source = "registry+https://github.com/rust-lang/crates.io-index"
checksum = "9f76678828272f177ac33b7e2ac2e3e73cc6c1cd1e3e387928aa69562fa51367"
dependencies = [
 "peg-macros",
 "peg-runtime",
]

[[package]]
name = "peg-macros"
version = "0.6.3"
source = "registry+https://github.com/rust-lang/crates.io-index"
checksum = "636d60acf97633e48d266d7415a9355d4389cea327a193f87df395d88cd2b14d"
dependencies = [
 "peg-runtime",
 "proc-macro2",
 "quote",
]

[[package]]
name = "peg-runtime"
version = "0.6.3"
source = "registry+https://github.com/rust-lang/crates.io-index"
checksum = "9555b1514d2d99d78150d3c799d4c357a3e2c2a8062cd108e93a06d9057629c5"

[[package]]
name = "pkg-config"
version = "0.3.19"
source = "registry+https://github.com/rust-lang/crates.io-index"
checksum = "3831453b3449ceb48b6d9c7ad7c96d5ea673e9b470a1dc578c2ce6521230884c"

[[package]]
name = "portaudio"
version = "0.7.0"
source = "registry+https://github.com/rust-lang/crates.io-index"
checksum = "0d289315f6155a7608b6d8757786c79ed2243afeab8a5eda8989effda3fdc5c3"
dependencies = [
 "bitflags 0.7.0",
 "libc",
 "num",
 "pkg-config",
]

[[package]]
name = "proc-macro2"
version = "1.0.24"
source = "registry+https://github.com/rust-lang/crates.io-index"
checksum = "1e0704ee1a7e00d7bb417d0770ea303c1bccbabf0ef1667dae92b5967f5f8a71"
dependencies = [
 "unicode-xid",
]

[[package]]
name = "quote"
version = "1.0.8"
source = "registry+https://github.com/rust-lang/crates.io-index"
checksum = "991431c3519a3f36861882da93630ce66b52918dcf1b8e2fd66b397fc96f28df"
dependencies = [
 "proc-macro2",
]

[[package]]
name = "strsim"
version = "0.8.0"
source = "registry+https://github.com/rust-lang/crates.io-index"
checksum = "8ea5119cdb4c55b55d432abb513a0429384878c15dde60cc77b1c99de1a95a6a"

[[package]]
name = "textwrap"
version = "0.11.0"
source = "registry+https://github.com/rust-lang/crates.io-index"
checksum = "d326610f408c7a4eb6f51c37c330e496b08506c9457c9d34287ecc38809fb060"
dependencies = [
 "unicode-width",
]

[[package]]
name = "unicode-width"
version = "0.1.8"
source = "registry+https://github.com/rust-lang/crates.io-index"
checksum = "9337591893a19b88d8d87f2cec1e73fad5cdfd10e5a6f349f498ad6ea2ffb1e3"

[[package]]
name = "unicode-xid"
version = "0.2.1"
source = "registry+https://github.com/rust-lang/crates.io-index"
checksum = "f7fe0bb3479651439c9112f72b6c505038574c9fbb575ed1bf3b797fa39dd564"

[[package]]
name = "vcpkg"
version = "0.2.11"
source = "registry+https://github.com/rust-lang/crates.io-index"
checksum = "b00bca6106a5e23f3eee943593759b7fcddb00554332e856d990c893966879fb"

[[package]]
name = "vec_map"
version = "0.8.2"
source = "registry+https://github.com/rust-lang/crates.io-index"
checksum = "f1bddf1187be692e79c5ffeab891132dfb0f236ed36a43c7ed39f1165ee20191"

[[package]]
name = "winapi"
version = "0.3.9"
source = "registry+https://github.com/rust-lang/crates.io-index"
checksum = "5c839a674fcd7a98952e593242ea400abe93992746761e38641405d28b00f419"
dependencies = [
 "winapi-i686-pc-windows-gnu",
 "winapi-x86_64-pc-windows-gnu",
]

[[package]]
name = "winapi-i686-pc-windows-gnu"
version = "0.4.0"
source = "registry+https://github.com/rust-lang/crates.io-index"
checksum = "ac3b87c63620426dd9b991e5ce0329eff545bccbbb34f3be09ff6fb6ab51b7b6"

[[package]]
name = "winapi-x86_64-pc-windows-gnu"
version = "0.4.0"
source = "registry+https://github.com/rust-lang/crates.io-index"
checksum = "712e227841d057c1ee1cd2fb22fa7e5a5461ae8e48fa2ca79ec42cfc1931183f"
